
Microsoft Visual Studio Solution File, Format Version 12.00
# Visual Studio 14
VisualStudioVersion = 14.0.24720.0
MinimumVisualStudioVersion = 10.0.40219.1
Project("{2150E333-8FDC-42A3-9474-1A3956D46DE8}") = "Rubeen", "Rubeen", "{D427B270-BC75-48E0-B1BE-2AE76597F717}"
EndProject
Project("{2150E333-8FDC-42A3-9474-1A3956D46DE8}") = "Julian und Fabian", "Julian und Fabian", "{EE82B55D-1A34-4B11-A7E2-BBBB184EDCF2}"
EndProject
Project("{8BC9CEB8-8B4A-11D0-8D11-00A0C91BC942}") = "Projekt1", "Fabian und Julian\Projekt1\Projekt1\Projekt1.vcxproj", "{C5F80730-F44F-4478-BDAE-6634EFC2CA88}"
EndProject
Project("{8BC9CEB8-8B4A-11D0-8D11-00A0C91BC942}") = "Projekt1", "Rubeen\Projekt1\Projekt1.vcxproj", "{3ECD17F2-1C56-44D7-B140-6FC68879EC13}"
EndProject
Project("{8BC9CEB8-8B4A-11D0-8D11-00A0C91BC942}") = "Projekt3", "Rubeen\Projekt3\Projekt3.vcxproj", "{E1635B31-5BAE-4A94-A8CD-7BB33925DFFC}"
EndProject
Project("{8BC9CEB8-8B4A-11D0-8D11-00A0C91BC942}") = "Projekt2", "Rubeen\Projekt2\Projekt2.vcxproj", "{6337254D-F6FF-425D-8871-59CF07695A57}"
EndProject
Project("{8BC9CEB8-8B4A-11D0-8D11-00A0C91BC942}") = "Projekt2v1", "Rubeen\Projekt2v1\Projekt2v1.vcxproj", "{67F9F689-5E7A-4788-8F74-2A24CFE62206}"
EndProject
Project("{8BC9CEB8-8B4A-11D0-8D11-00A0C91BC942}") = "Projekt3v1", "Rubeen\Projekt3v1\Projekt3v1.vcxproj", "{F41FE238-3962-48E9-8C5D-0C4DCC0F29BE}"
EndProject
Project("{8BC9CEB8-8B4A-11D0-8D11-00A0C91BC942}") = "Projekt2", "Projekt2\Projekt2.vcxproj", "{600A6A88-20C6-4C56-82B6-940F8C4194EF}"
EndProject
Project("{8BC9CEB8-8B4A-11D0-8D11-00A0C91BC942}") = "Projekt3", "Projekt3\Projekt3.vcxproj", "{2222D1AC-7860-4EDC-9A60-9986AFB9B3BC}"
EndProject
Project("{8BC9CEB8-8B4A-11D0-8D11-00A0C91BC942}") = "Projekt4", "Projekt4\Projekt4.vcxproj", "{1B417CE9-4F14-41FB-BA17-B03C1DBDC6E8}"
EndProject
Global
	GlobalSection(SolutionConfigurationPlatforms) = preSolution
		Debug|x86 = Debug|x86
		Release|x86 = Release|x86
	EndGlobalSection
	GlobalSection(ProjectConfigurationPlatforms) = postSolution
		{C5F80730-F44F-4478-BDAE-6634EFC2CA88}.Debug|x86.ActiveCfg = Debug|Win32
		{C5F80730-F44F-4478-BDAE-6634EFC2CA88}.Debug|x86.Build.0 = Debug|Win32
		{C5F80730-F44F-4478-BDAE-6634EFC2CA88}.Release|x86.ActiveCfg = Release|Win32
		{C5F80730-F44F-4478-BDAE-6634EFC2CA88}.Release|x86.Build.0 = Release|Win32
		{3ECD17F2-1C56-44D7-B140-6FC68879EC13}.Debug|x86.ActiveCfg = Debug|Win32
		{3ECD17F2-1C56-44D7-B140-6FC68879EC13}.Debug|x86.Build.0 = Debug|Win32
		{3ECD17F2-1C56-44D7-B140-6FC68879EC13}.Release|x86.ActiveCfg = Release|Win32
		{3ECD17F2-1C56-44D7-B140-6FC68879EC13}.Release|x86.Build.0 = Release|Win32
		{E1635B31-5BAE-4A94-A8CD-7BB33925DFFC}.Debug|x86.ActiveCfg = Debug|Win32
		{E1635B31-5BAE-4A94-A8CD-7BB33925DFFC}.Debug|x86.Build.0 = Debug|Win32
		{E1635B31-5BAE-4A94-A8CD-7BB33925DFFC}.Release|x86.ActiveCfg = Release|Win32
		{E1635B31-5BAE-4A94-A8CD-7BB33925DFFC}.Release|x86.Build.0 = Release|Win32
		{6337254D-F6FF-425D-8871-59CF07695A57}.Debug|x86.ActiveCfg = Debug|Win32
		{6337254D-F6FF-425D-8871-59CF07695A57}.Debug|x86.Build.0 = Debug|Win32
		{6337254D-F6FF-425D-8871-59CF07695A57}.Release|x86.ActiveCfg = Release|Win32
		{6337254D-F6FF-425D-8871-59CF07695A57}.Release|x86.Build.0 = Release|Win32
		{67F9F689-5E7A-4788-8F74-2A24CFE62206}.Debug|x86.ActiveCfg = Debug|Win32
		{67F9F689-5E7A-4788-8F74-2A24CFE62206}.Debug|x86.Build.0 = Debug|Win32
		{67F9F689-5E7A-4788-8F74-2A24CFE62206}.Release|x86.ActiveCfg = Release|Win32
		{67F9F689-5E7A-4788-8F74-2A24CFE62206}.Release|x86.Build.0 = Release|Win32
		{F41FE238-3962-48E9-8C5D-0C4DCC0F29BE}.Debug|x86.ActiveCfg = Debug|Win32
		{F41FE238-3962-48E9-8C5D-0C4DCC0F29BE}.Debug|x86.Build.0 = Debug|Win32
		{F41FE238-3962-48E9-8C5D-0C4DCC0F29BE}.Release|x86.ActiveCfg = Release|Win32
		{F41FE238-3962-48E9-8C5D-0C4DCC0F29BE}.Release|x86.Build.0 = Release|Win32
		{600A6A88-20C6-4C56-82B6-940F8C4194EF}.Debug|x86.ActiveCfg = Debug|Win32
		{600A6A88-20C6-4C56-82B6-940F8C4194EF}.Debug|x86.Build.0 = Debug|Win32
		{600A6A88-20C6-4C56-82B6-940F8C4194EF}.Release|x86.ActiveCfg = Release|Win32
		{600A6A88-20C6-4C56-82B6-940F8C4194EF}.Release|x86.Build.0 = Release|Win32
		{2222D1AC-7860-4EDC-9A60-9986AFB9B3BC}.Debug|x86.ActiveCfg = Debug|Win32
		{2222D1AC-7860-4EDC-9A60-9986AFB9B3BC}.Debug|x86.Build.0 = Debug|Win32
		{2222D1AC-7860-4EDC-9A60-9986AFB9B3BC}.Release|x86.ActiveCfg = Release|Win32
		{2222D1AC-7860-4EDC-9A60-9986AFB9B3BC}.Release|x86.Build.0 = Release|Win32
		{1B417CE9-4F14-41FB-BA17-B03C1DBDC6E8}.Debug|x86.ActiveCfg = Debug|Win32
		{1B417CE9-4F14-41FB-BA17-B03C1DBDC6E8}.Debug|x86.Build.0 = Debug|Win32
		{1B417CE9-4F14-41FB-BA17-B03C1DBDC6E8}.Release|x86.ActiveCfg = Release|Win32
		{1B417CE9-4F14-41FB-BA17-B03C1DBDC6E8}.Release|x86.Build.0 = Release|Win32
	EndGlobalSection
	GlobalSection(SolutionProperties) = preSolution
		HideSolutionNode = FALSE
	EndGlobalSection
	GlobalSection(NestedProjects) = preSolution
		{C5F80730-F44F-4478-BDAE-6634EFC2CA88} = {EE82B55D-1A34-4B11-A7E2-BBBB184EDCF2}
		{3ECD17F2-1C56-44D7-B140-6FC68879EC13} = {D427B270-BC75-48E0-B1BE-2AE76597F717}
		{E1635B31-5BAE-4A94-A8CD-7BB33925DFFC} = {D427B270-BC75-48E0-B1BE-2AE76597F717}
		{6337254D-F6FF-425D-8871-59CF07695A57} = {D427B270-BC75-48E0-B1BE-2AE76597F717}
		{67F9F689-5E7A-4788-8F74-2A24CFE62206} = {D427B270-BC75-48E0-B1BE-2AE76597F717}
		{F41FE238-3962-48E9-8C5D-0C4DCC0F29BE} = {D427B270-BC75-48E0-B1BE-2AE76597F717}
		{600A6A88-20C6-4C56-82B6-940F8C4194EF} = {EE82B55D-1A34-4B11-A7E2-BBBB184EDCF2}
		{2222D1AC-7860-4EDC-9A60-9986AFB9B3BC} = {EE82B55D-1A34-4B11-A7E2-BBBB184EDCF2}
		{1B417CE9-4F14-41FB-BA17-B03C1DBDC6E8} = {EE82B55D-1A34-4B11-A7E2-BBBB184EDCF2}
	EndGlobalSection
EndGlobal
